
Microsoft Visual Studio Solution File, Format Version 12.00
# Visual Studio Version 16
VisualStudioVersion = 16.0.32602.291
MinimumVisualStudioVersion = 10.0.40219.1
Project("{FAE04EC0-301F-11D3-BF4B-00C04F79EFBC}") = "OPT.Dato", "OPT.Dato\OPT.Dato.csproj", "{0E2E4CAE-A6DB-4770-B5DE-962A49857C58}"
EndProject
Project("{FAE04EC0-301F-11D3-BF4B-00C04F79EFBC}") = "OPT.Entidad", "OPT.Entidad\OPT.Entidad.csproj", "{BC46E117-638B-43CE-9551-B4326138D039}"
EndProject
Project("{FAE04EC0-301F-11D3-BF4B-00C04F79EFBC}") = "OPT.Web", "OPT.Web\OPT.Web.csproj", "{19B3D895-5FCE-486A-81CA-15B1ADD41B3B}"
EndProject
Global
	GlobalSection(SolutionConfigurationPlatforms) = preSolution
		Debug|Any CPU = Debug|Any CPU
		Release|Any CPU = Release|Any CPU
	EndGlobalSection
	GlobalSection(ProjectConfigurationPlatforms) = postSolution
		{0E2E4CAE-A6DB-4770-B5DE-962A49857C58}.Debug|Any CPU.ActiveCfg = Debug|Any CPU
		{0E2E4CAE-A6DB-4770-B5DE-962A49857C58}.Debug|Any CPU.Build.0 = Debug|Any CPU
		{0E2E4CAE-A6DB-4770-B5DE-962A49857C58}.Release|Any CPU.ActiveCfg = Release|Any CPU
		{0E2E4CAE-A6DB-4770-B5DE-962A49857C58}.Release|Any CPU.Build.0 = Release|Any CPU
		{BC46E117-638B-43CE-9551-B4326138D039}.Debug|Any CPU.ActiveCfg = Debug|Any CPU
		{BC46E117-638B-43CE-9551-B4326138D039}.Debug|Any CPU.Build.0 = Debug|Any CPU
		{BC46E117-638B-43CE-9551-B4326138D039}.Release|Any CPU.ActiveCfg = Release|Any CPU
		{BC46E117-638B-43CE-9551-B4326138D039}.Release|Any CPU.Build.0 = Release|Any CPU
		{19B3D895-5FCE-486A-81CA-15B1ADD41B3B}.Debug|Any CPU.ActiveCfg = Debug|Any CPU
		{19B3D895-5FCE-486A-81CA-15B1ADD41B3B}.Debug|Any CPU.Build.0 = Debug|Any CPU
		{19B3D895-5FCE-486A-81CA-15B1ADD41B3B}.Release|Any CPU.ActiveCfg = Release|Any CPU
		{19B3D895-5FCE-486A-81CA-15B1ADD41B3B}.Release|Any CPU.Build.0 = Release|Any CPU
	EndGlobalSection
	GlobalSection(SolutionProperties) = preSolution
		HideSolutionNode = FALSE
	EndGlobalSection
	GlobalSection(ExtensibilityGlobals) = postSolution
		SolutionGuid = {A6C47849-B78F-420C-93D1-C27D88B500EF}
	EndGlobalSection
EndGlobal
